
Microsoft Visual Studio Solution File, Format Version 12.00
# Visual Studio 15
VisualStudioVersion = 15.0.27004.2005
MinimumVisualStudioVersion = 10.0.40219.1
Project("{8BC9CEB8-8B4A-11D0-8D11-00A0C91BC942}") = "B161200301", "B161200301\B161200301.vcxproj", "{048F5803-A210-4A8E-9917-77B0A09B876B}"
EndProject
Global
	GlobalSection(SolutionConfigurationPlatforms) = preSolution
		Debug|x64 = Debug|x64
		Debug|x86 = Debug|x86
		Release|x64 = Release|x64
		Release|x86 = Release|x86
	EndGlobalSection
	GlobalSection(ProjectConfigurationPlatforms) = postSolution
		{048F5803-A210-4A8E-9917-77B0A09B876B}.Debug|x64.ActiveCfg = Debug|x64
		{048F5803-A210-4A8E-9917-77B0A09B876B}.Debug|x64.Build.0 = Debug|x64
		{048F5803-A210-4A8E-9917-77B0A09B876B}.Debug|x86.ActiveCfg = Debug|Win32
		{048F5803-A210-4A8E-9917-77B0A09B876B}.Debug|x86.Build.0 = Debug|Win32
		{048F5803-A210-4A8E-9917-77B0A09B876B}.Release|x64.ActiveCfg = Release|x64
		{048F5803-A210-4A8E-9917-77B0A09B876B}.Release|x64.Build.0 = Release|x64
		{048F5803-A210-4A8E-9917-77B0A09B876B}.Release|x86.ActiveCfg = Release|Win32
		{048F5803-A210-4A8E-9917-77B0A09B876B}.Release|x86.Build.0 = Release|Win32
	EndGlobalSection
	GlobalSection(SolutionProperties) = preSolution
		HideSolutionNode = FALSE
	EndGlobalSection
	GlobalSection(ExtensibilityGlobals) = postSolution
		SolutionGuid = {13A7001D-70F4-482F-867E-D7D6C1416120}
	EndGlobalSection
EndGlobal
